
Microsoft Visual Studio Solution File, Format Version 12.00
# Visual Studio Version 16
VisualStudioVersion = 16.0.30907.101
MinimumVisualStudioVersion = 10.0.40219.1
Project("{FAE04EC0-301F-11D3-BF4B-00C04F79EFBC}") = "Afip.Services", "Afip.Services\Afip.Services.csproj", "{7FFE4719-C288-4736-A3BA-5E8F3D7E06CD}"
EndProject
Global
	GlobalSection(SolutionConfigurationPlatforms) = preSolution
		Debug|Any CPU = Debug|Any CPU
		Release|Any CPU = Release|Any CPU
	EndGlobalSection
	GlobalSection(ProjectConfigurationPlatforms) = postSolution
		{7FFE4719-C288-4736-A3BA-5E8F3D7E06CD}.Debug|Any CPU.ActiveCfg = Debug|Any CPU
		{7FFE4719-C288-4736-A3BA-5E8F3D7E06CD}.Debug|Any CPU.Build.0 = Debug|Any CPU
		{7FFE4719-C288-4736-A3BA-5E8F3D7E06CD}.Release|Any CPU.ActiveCfg = Release|Any CPU
		{7FFE4719-C288-4736-A3BA-5E8F3D7E06CD}.Release|Any CPU.Build.0 = Release|Any CPU
	EndGlobalSection
	GlobalSection(SolutionProperties) = preSolution
		HideSolutionNode = FALSE
	EndGlobalSection
	GlobalSection(ExtensibilityGlobals) = postSolution
		SolutionGuid = {7FCDCA87-CCF3-44E7-A3A3-7962786CB6CA}
	EndGlobalSection
EndGlobal
